{
	"name": "Chat",
	"version": "1.0.0",
	"lockfileVersion": 2,
	"requires": true,
	"packages": {
		"": {
			"version": "1.0.0",
			"license": "ISC",
			"devDependencies": {
				"lui": "github:L3P3/lui"
			}
		},
		"node_modules/lui": {
			"version": "1.3.6",
			"resolved": "git+ssh://git@github.com/L3P3/lui.git#c59b12a1047128eee77ebda3ff7d9044acdabace",
			"dev": true,
			"license": "Zlib"
		}
	},
	"dependencies": {
		"lui": {
			"version": "git+ssh://git@github.com/L3P3/lui.git#c59b12a1047128eee77ebda3ff7d9044acdabace",
			"dev": true,
			"from": "lui@github:L3P3/lui"
		}
	}
}
